
Microsoft Visual Studio Solution File, Format Version 12.00
# Visual Studio Version 17
VisualStudioVersion = 17.4.33205.214
MinimumVisualStudioVersion = 10.0.40219.1
Project("{9A19103F-16F7-4668-BE54-9A1E7A4F7556}") = "BoletoOnline", "BoletoOnline\BoletoOnline.csproj", "{8FFB0C0B-F35C-4E48-B274-D32F32FA8EDE}"
EndProject
Project("{9A19103F-16F7-4668-BE54-9A1E7A4F7556}") = "BoletoOnline.BancoBrasil", "BoletoOnline.BancoBrasil\BoletoOnline.BancoBrasil.csproj", "{54D30EAE-5A4B-4973-922E-128D13381E7A}"
EndProject
Project("{9A19103F-16F7-4668-BE54-9A1E7A4F7556}") = "EM.xUnitTestes.BoletoOnline.BancoBrasil.Testes", "EM.xUnitTestes.BoletoOnline.BancoBrasil.Testes\EM.xUnitTestes.BoletoOnline.BancoBrasil.Testes.csproj", "{6C697585-3FA1-4501-B579-409D1D106E9F}"
EndProject
Global
	GlobalSection(SolutionConfigurationPlatforms) = preSolution
		Debug|Any CPU = Debug|Any CPU
		Release|Any CPU = Release|Any CPU
	EndGlobalSection
	GlobalSection(ProjectConfigurationPlatforms) = postSolution
		{8FFB0C0B-F35C-4E48-B274-D32F32FA8EDE}.Debug|Any CPU.ActiveCfg = Debug|Any CPU
		{8FFB0C0B-F35C-4E48-B274-D32F32FA8EDE}.Debug|Any CPU.Build.0 = Debug|Any CPU
		{8FFB0C0B-F35C-4E48-B274-D32F32FA8EDE}.Release|Any CPU.ActiveCfg = Release|Any CPU
		{8FFB0C0B-F35C-4E48-B274-D32F32FA8EDE}.Release|Any CPU.Build.0 = Release|Any CPU
		{54D30EAE-5A4B-4973-922E-128D13381E7A}.Debug|Any CPU.ActiveCfg = Debug|Any CPU
		{54D30EAE-5A4B-4973-922E-128D13381E7A}.Debug|Any CPU.Build.0 = Debug|Any CPU
		{54D30EAE-5A4B-4973-922E-128D13381E7A}.Release|Any CPU.ActiveCfg = Release|Any CPU
		{54D30EAE-5A4B-4973-922E-128D13381E7A}.Release|Any CPU.Build.0 = Release|Any CPU
		{6C697585-3FA1-4501-B579-409D1D106E9F}.Debug|Any CPU.ActiveCfg = Debug|Any CPU
		{6C697585-3FA1-4501-B579-409D1D106E9F}.Debug|Any CPU.Build.0 = Debug|Any CPU
		{6C697585-3FA1-4501-B579-409D1D106E9F}.Release|Any CPU.ActiveCfg = Release|Any CPU
		{6C697585-3FA1-4501-B579-409D1D106E9F}.Release|Any CPU.Build.0 = Release|Any CPU
	EndGlobalSection
	GlobalSection(SolutionProperties) = preSolution
		HideSolutionNode = FALSE
	EndGlobalSection
	GlobalSection(ExtensibilityGlobals) = postSolution
		SolutionGuid = {4F37CD53-AD9E-440D-A747-2D65625FD8D2}
	EndGlobalSection
EndGlobal
